// !$*UTF8*$!
{
	archiveVersion = 1;
	classes = {
	};
	objectVersion = 50;
	objects = {

/* Begin PBXBuildFile section */
		4F18C54E22490C6E00681624 /* AppDelegate.m in Sources */ = {isa = PBXBuildFile; fileRef = 4F18C54D22490C6E00681624 /* AppDelegate.m */; };
		4F18C55122490C6F00681624 /* ViewController.m in Sources */ = {isa = PBXBuildFile; fileRef = 4F18C55022490C6F00681624 /* ViewController.m */; };
		4F18C55422490C6F00681624 /* Main.storyboard in Resources */ = {isa = PBXBuildFile; fileRef = 4F18C55222490C6F00681624 /* Main.storyboard */; };
		4F18C55622490C7000681624 /* Assets.xcassets in Resources */ = {isa = PBXBuildFile; fileRef = 4F18C55522490C7000681624 /* Assets.xcassets */; };
		4F18C55922490C7000681624 /* LaunchScreen.storyboard in Resources */ = {isa = PBXBuildFile; fileRef = 4F18C55722490C7000681624 /* LaunchScreen.storyboard */; };
		4F18C55C22490C7000681624 /* main.m in Sources */ = {isa = PBXBuildFile; fileRef = 4F18C55B22490C7000681624 /* main.m */; };
		4F18C564224915C300681624 /* Course.m in Sources */ = {isa = PBXBuildFile; fileRef = 4F18C563224915C300681624 /* Course.m */; };
/* End PBXBuildFile section */

/* Begin PBXFileReference section */
		4F18C54922490C6E00681624 /* Objc-NSURLSession-JSON.app */ = {isa = PBXFileReference; explicitFileType = wrapper.application; includeInIndex = 0; path = "Objc-NSURLSession-JSON.app"; sourceTree = BUILT_PRODUCTS_DIR; };
		4F18C54C22490C6E00681624 /* AppDelegate.h */ = {isa = PBXFileReference; lastKnownFileType = sourcecode.c.h; path = AppDelegate.h; sourceTree = "<group>"; };
		4F18C54D22490C6E00681624 /* AppDelegate.m */ = {isa = PBXFileReference; lastKnownFileType = sourcecode.c.objc; path = AppDelegate.m; sourceTree = "<group>"; };
		4F18C54F22490C6E00681624 /* ViewController.h */ = {isa = PBXFileReference; lastKnownFileType = sourcecode.c.h; path = ViewController.h; sourceTree = "<group>"; };
		4F18C55022490C6F00681624 /* ViewController.m */ = {isa = PBXFileReference; lastKnownFileType = sourcecode.c.objc; path = ViewController.m; sourceTree = "<group>"; };
		4F18C55322490C6F00681624 /* Base */ = {isa = PBXFileReference; lastKnownFileType = file.storyboard; name = Base; path = Base.lproj/Main.storyboard; sourceTree = "<group>"; };
		4F18C55522490C7000681624 /* Assets.xcassets */ = {isa = PBXFileReference; lastKnownFileType = folder.assetcatalog; path = Assets.xcassets; sourceTree = "<group>"; };
		4F18C55822490C7000681624 /* Base */ = {isa = PBXFileReference; lastKnownFileType = file.storyboard; name = Base; path = Base.lproj/LaunchScreen.storyboard; sourceTree = "<group>"; };
		4F18C55A22490C7000681624 /* Info.plist */ = {isa = PBXFileReference; lastKnownFileType = text.plist.xml; path = Info.plist; sourceTree = "<group>"; };
		4F18C55B22490C7000681624 /* main.m */ = {isa = PBXFileReference; lastKnownFileType = sourcecode.c.objc; path = main.m; sourceTree = "<group>"; };
		4F18C562224915C300681624 /* Course.h */ = {isa = PBXFileReference; lastKnownFileType = sourcecode.c.h; path = Course.h; sourceTree = "<group>"; };
		4F18C563224915C300681624 /* Course.m */ = {isa = PBXFileReference; lastKnownFileType = sourcecode.c.objc; path = Course.m; sourceTree = "<group>"; };
/* End PBXFileReference section */

/* Begin PBXFrameworksBuildPhase section */
		4F18C54622490C6E00681624 /* Frameworks */ = {
			isa = PBXFrameworksBuildPhase;
			buildActionMask = 2147483647;
			files = (
			);
			runOnlyForDeploymentPostprocessing = 0;
		};
/* End PBXFrameworksBuildPhase section */

/* Begin PBXGroup section */
		4F18C54022490C6E00681624 = {
			isa = PBXGroup;
			children = (
				4F18C54B22490C6E00681624 /* Objc-NSURLSession-JSON */,
				4F18C54A22490C6E00681624 /* Products */,
			);
			sourceTree = "<group>";
		};
		4F18C54A22490C6E00681624 /* Products */ = {
			isa = PBXGroup;
			children = (
				4F18C54922490C6E00681624 /* Objc-NSURLSession-JSON.app */,
			);
			name = Products;
			sourceTree = "<group>";
		};
		4F18C54B22490C6E00681624 /* Objc-NSURLSession-JSON */ = {
			isa = PBXGroup;
			children = (
				4F18C54C22490C6E00681624 /* AppDelegate.h */,
				4F18C54D22490C6E00681624 /* AppDelegate.m */,
				4F18C54F22490C6E00681624 /* ViewController.h */,
				4F18C55022490C6F00681624 /* ViewController.m */,
				4F18C55222490C6F00681624 /* Main.storyboard */,
				4F18C55522490C7000681624 /* Assets.xcassets */,
				4F18C55722490C7000681624 /* LaunchScreen.storyboard */,
				4F18C55A22490C7000681624 /* Info.plist */,
				4F18C55B22490C7000681624 /* main.m */,
				4F18C562224915C300681624 /* Course.h */,
				4F18C563224915C300681624 /* Course.m */,
			);
			path = "Objc-NSURLSession-JSON";
			sourceTree = "<group>";
		};
/* End PBXGroup section */

/* Begin PBXNativeTarget section */
		4F18C54822490C6E00681624 /* Objc-NSURLSession-JSON */ = {
			isa = PBXNativeTarget;
			buildConfigurationList = 4F18C55F22490C7000681624 /* Build configuration list for PBXNativeTarget "Objc-NSURLSession-JSON" */;
			buildPhases = (
				4F18C54522490C6E00681624 /* Sources */,
				4F18C54622490C6E00681624 /* Frameworks */,
				4F18C54722490C6E00681624 /* Resources */,
			);
			buildRules = (
			);
			dependencies = (
			);
			name = "Objc-NSURLSession-JSON";
			productName = "Objc-NSURLSession-JSON";
			productReference = 4F18C54922490C6E00681624 /* Objc-NSURLSession-JSON.app */;
			productType = "com.apple.product-type.application";
		};
/* End PBXNativeTarget section */

/* Begin PBXProject section */
		4F18C54122490C6E00681624 /* Project object */ = {
			isa = PBXProject;
			attributes = {
				LastUpgradeCheck = 1010;
				ORGANIZATIONNAME = "A&D Progress";
				TargetAttributes = {
					4F18C54822490C6E00681624 = {
						CreatedOnToolsVersion = 10.1;
					};
				};
			};
			buildConfigurationList = 4F18C54422490C6E00681624 /* Build configuration list for PBXProject "Objc-NSURLSession-JSON" */;
			compatibilityVersion = "Xcode 9.3";
			developmentRegion = en;
			hasScannedForEncodings = 0;
			knownRegions = (
				en,
				Base,
			);
			mainGroup = 4F18C54022490C6E00681624;
			productRefGroup = 4F18C54A22490C6E00681624 /* Products */;
			projectDirPath = "";
			projectRoot = "";
			targets = (
				4F18C54822490C6E00681624 /* Objc-NSURLSession-JSON */,
			);
		};
/* End PBXProject section */

/* Begin PBXResourcesBuildPhase section */
		4F18C54722490C6E00681624 /* Resources */ = {
			isa = PBXResourcesBuildPhase;
			buildActionMask = 2147483647;
			files = (
				4F18C55922490C7000681624 /* LaunchScreen.storyboard in Resources */,
				4F18C55622490C7000681624 /* Assets.xcassets in Resources */,
				4F18C55422490C6F00681624 /* Main.storyboard in Resources */,
			);
			runOnlyForDeploymentPostprocessing = 0;
		};
/* End PBXResourcesBuildPhase section */

/* Begin PBXSourcesBuildPhase section */
		4F18C54522490C6E00681624 /* Sources */ = {
			isa = PBXSourcesBuildPhase;
			buildActionMask = 2147483647;
			files = (
				4F18C564224915C300681624 /* Course.m in Sources */,
				4F18C55122490C6F00681624 /* ViewController.m in Sources */,
				4F18C55C22490C7000681624 /* main.m in Sources */,
				4F18C54E22490C6E00681624 /* AppDelegate.m in Sources */,
			);
			runOnlyForDeploymentPostprocessing = 0;
		};
/* End PBXSourcesBuildPhase section */

/* Begin PBXVariantGroup section */
		4F18C55222490C6F00681624 /* Main.storyboard */ = {
			isa = PBXVariantGroup;
			children = (
				4F18C55322490C6F00681624 /* Base */,
			);
			name = Main.storyboard;
			sourceTree = "<group>";
		};
		4F18C55722490C7000681624 /* LaunchScreen.storyboard */ = {
			isa = PBXVariantGroup;
			children = (
				4F18C55822490C7000681624 /* Base */,
			);
			name = LaunchScreen.storyboard;
			sourceTree = "<group>";
		};
/* End PBXVariantGroup section */

/* Begin XCBuildConfiguration section */
		4F18C55D22490C7000681624 /* Debug */ = {
			isa = XCBuildConfiguration;
			buildSettings = {
				ALWAYS_SEARCH_USER_PATHS = NO;
				CLANG_ANALYZER_NONNULL = YES;
				CLANG_ANALYZER_NUMBER_OBJECT_CONVERSION = YES_AGGRESSIVE;
				CLANG_CXX_LANGUAGE_STANDARD = "gnu++14";
				CLANG_CXX_LIBRARY = "libc++";
				CLANG_ENABLE_MODULES = YES;
				CLANG_ENABLE_OBJC_ARC = YES;
				CLANG_ENABLE_OBJC_WEAK = YES;
				CLANG_WARN_BLOCK_CAPTURE_AUTORELEASING = YES;
				CLANG_WARN_BOOL_CONVERSION = YES;
				CLANG_WARN_COMMA = YES;
				CLANG_WARN_CONSTANT_CONVERSION = YES;
				CLANG_WARN_DEPRECATED_OBJC_IMPLEMENTATIONS = YES;
				CLANG_WARN_DIRECT_OBJC_ISA_USAGE = YES_ERROR;
				CLANG_WARN_DOCUMENTATION_COMMENTS = YES;
				CLANG_WARN_EMPTY_BODY = YES;
				CLANG_WARN_ENUM_CONVERSION = YES;
				CLANG_WARN_INFINITE_RECURSION = YES;
				CLANG_WARN_INT_CONVERSION = YES;
				CLANG_WARN_NON_LITERAL_NULL_CONVERSION = YES;
				CLANG_WARN_OBJC_IMPLICIT_RETAIN_SELF = YES;
				CLANG_WARN_OBJC_LITERAL_CONVERSION = YES;
				CLANG_WARN_OBJC_ROOT_CLASS = YES_ERROR;
				CLANG_WARN_RANGE_LOOP_ANALYSIS = YES;
				CLANG_WARN_STRICT_PROTOTYPES = YES;
				CLANG_WARN_SUSPICIOUS_MOVE = YES;
				CLANG_WARN_UNGUARDED_AVAILABILITY = YES_AGGRESSIVE;
				CLANG_WARN_UNREACHABLE_CODE = YES;
				CLANG_WARN__DUPLICATE_METHOD_MATCH = YES;
				CODE_SIGN_IDENTITY = "iPhone Developer";
				COPY_PHASE_STRIP = NO;
				DEBUG_INFORMATION_FORMAT = dwarf;
				ENABLE_STRICT_OBJC_MSGSEND = YES;
				ENABLE_TESTABILITY = YES;
				GCC_C_LANGUAGE_STANDARD = gnu11;
				GCC_DYNAMIC_NO_PIC = NO;
				GCC_NO_COMMON_BLOCKS = YES;
				GCC_OPTIMIZATION_LEVEL = 0;
				GCC_PREPROCESSOR_DEFINITIONS = (
					"DEBUG=1",
					"$(inherited)",
				);
				GCC_WARN_64_TO_32_BIT_CONVERSION = YES;
				GCC_WARN_ABOUT_RETURN_TYPE = YES_ERROR;
				GCC_WARN_UNDECLARED_SELECTOR = YES;
				GCC_WARN_UNINITIALIZED_AUTOS = YES_AGGRESSIVE;
				GCC_WARN_UNUSED_FUNCTION = YES;
				GCC_WARN_UNUSED_VARIABLE = YES;
				IPHONEOS_DEPLOYMENT_TARGET = 12.1;
				MTL_ENABLE_DEBUG_INFO = INCLUDE_SOURCE;
				MTL_FAST_MATH = YES;
				ONLY_ACTIVE_ARCH = YES;
				SDKROOT = iphoneos;
			};
			name = Debug;
		};
		4F18C55E22490C7000681624 /* Release */ = {
			isa = XCBuildConfiguration;
			buildSettings = {
				ALWAYS_SEARCH_USER_PATHS = NO;
				CLANG_ANALYZER_NONNULL = YES;
				CLANG_ANALYZER_NUMBER_OBJECT_CONVERSION = YES_AGGRESSIVE;
				CLANG_CXX_LANGUAGE_STANDARD = "gnu++14";
				CLANG_CXX_LIBRARY = "libc++";
				CLANG_ENABLE_MODULES = YES;
				CLANG_ENABLE_OBJC_ARC = YES;
				CLANG_ENABLE_OBJC_WEAK = YES;
				CLANG_WARN_BLOCK_CAPTURE_AUTORELEASING = YES;
				CLANG_WARN_BOOL_CONVERSION = YES;
				CLANG_WARN_COMMA = YES;
				CLANG_WARN_CONSTANT_CONVERSION = YES;
				CLANG_WARN_DEPRECATED_OBJC_IMPLEMENTATIONS = YES;
				CLANG_WARN_DIRECT_OBJC_ISA_USAGE = YES_ERROR;
				CLANG_WARN_DOCUMENTATION_COMMENTS = YES;
				CLANG_WARN_EMPTY_BODY = YES;
				CLANG_WARN_ENUM_CONVERSION = YES;
				CLANG_WARN_INFINITE_RECURSION = YES;
				CLANG_WARN_INT_CONVERSION = YES;
				CLANG_WARN_NON_LITERAL_NULL_CONVERSION = YES;
				CLANG_WARN_OBJC_IMPLICIT_RETAIN_SELF = YES;
				CLANG_WARN_OBJC_LITERAL_CONVERSION = YES;
				CLANG_WARN_OBJC_ROOT_CLASS = YES_ERROR;
				CLANG_WARN_RANGE_LOOP_ANALYSIS = YES;
				CLANG_WARN_STRICT_PROTOTYPES = YES;
				CLANG_WARN_SUSPICIOUS_MOVE = YES;
				CLANG_WARN_UNGUARDED_AVAILABILITY = YES_AGGRESSIVE;
				CLANG_WARN_UNREACHABLE_CODE = YES;
				CLANG_WARN__DUPLICATE_METHOD_MATCH = YES;
				CODE_SIGN_IDENTITY = "iPhone Developer";
				COPY_PHASE_STRIP = NO;
				DEBUG_INFORMATION_FORMAT = "dwarf-with-dsym";
				ENABLE_NS_ASSERTIONS = NO;
				ENABLE_STRICT_OBJC_MSGSEND = YES;
				GCC_C_LANGUAGE_STANDARD = gnu11;
				GCC_NO_COMMON_BLOCKS = YES;
				GCC_WARN_64_TO_32_BIT_CONVERSION = YES;
				GCC_WARN_ABOUT_RETURN_TYPE = YES_ERROR;
				GCC_WARN_UNDECLARED_SELECTOR = YES;
				GCC_WARN_UNINITIALIZED_AUTOS = YES_AGGRESSIVE;
				GCC_WARN_UNUSED_FUNCTION = YES;
				GCC_WARN_UNUSED_VARIABLE = YES;
				IPHONEOS_DEPLOYMENT_TARGET = 12.1;
				MTL_ENABLE_DEBUG_INFO = NO;
				MTL_FAST_MATH = YES;
				SDKROOT = iphoneos;
				VALIDATE_PRODUCT = YES;
			};
			name = Release;
		};
		4F18C56022490C7000681624 /* Debug */ = {
			isa = XCBuildConfiguration;
			buildSettings = {
				ASSETCATALOG_COMPILER_APPICON_NAME = AppIcon;
				CODE_SIGN_STYLE = Automatic;
				DEVELOPMENT_TEAM = 6GDWE93PAP;
				INFOPLIST_FILE = "Objc-NSURLSession-JSON/Info.plist";
				LD_RUNPATH_SEARCH_PATHS = (
					"$(inherited)",
					"@executable_path/Frameworks",
				);
				PRODUCT_BUNDLE_IDENTIFIER = "com.adprogress.Objc-NSURLSession-JSON";
				PRODUCT_NAME = "$(TARGET_NAME)";
				TARGETED_DEVICE_FAMILY = "1,2";
			};
			name = Debug;
		};
		4F18C56122490C7000681624 /* Release */ = {
			isa = XCBuildConfiguration;
			buildSettings = {
				ASSETCATALOG_COMPILER_APPICON_NAME = AppIcon;
				CODE_SIGN_STYLE = Automatic;
				DEVELOPMENT_TEAM = 6GDWE93PAP;
				INFOPLIST_FILE = "Objc-NSURLSession-JSON/Info.plist";
				LD_RUNPATH_SEARCH_PATHS = (
					"$(inherited)",
					"@executable_path/Frameworks",
				);
				PRODUCT_BUNDLE_IDENTIFIER = "com.adprogress.Objc-NSURLSession-JSON";
				PRODUCT_NAME = "$(TARGET_NAME)";
				TARGETED_DEVICE_FAMILY = "1,2";
			};
			name = Release;
		};
/* End XCBuildConfiguration section */

/* Begin XCConfigurationList section */
		4F18C54422490C6E00681624 /* Build configuration list for PBXProject "Objc-NSURLSession-JSON" */ = {
			isa = XCConfigurationList;
			buildConfigurations = (
				4F18C55D22490C7000681624 /* Debug */,
				4F18C55E22490C7000681624 /* Release */,
			);
			defaultConfigurationIsVisible = 0;
			defaultConfigurationName = Release;
		};
		4F18C55F22490C7000681624 /* Build configuration list for PBXNativeTarget "Objc-NSURLSession-JSON" */ = {
			isa = XCConfigurationList;
			buildConfigurations = (
				4F18C56022490C7000681624 /* Debug */,
				4F18C56122490C7000681624 /* Release */,
			);
			defaultConfigurationIsVisible = 0;
			defaultConfigurationName = Release;
		};
/* End XCConfigurationList section */
	};
	rootObject = 4F18C54122490C6E00681624 /* Project object */;
}
